
Microsoft Visual Studio Solution File, Format Version 12.00
# Visual Studio Version 16
VisualStudioVersion = 16.0.31220.234
MinimumVisualStudioVersion = 10.0.40219.1
Project("{9A19103F-16F7-4668-BE54-9A1E7A4F7556}") = "ConsoleFirstApp", "ConsoleFirstApp\ConsoleFirstApp.csproj", "{9FD4CB29-54F5-4F91-A513-09258E9244DD}"
EndProject
Project("{FAE04EC0-301F-11D3-BF4B-00C04F79EFBC}") = "InheritTest", "InheritTest\InheritTest.csproj", "{CD7A29F2-4C55-4219-B4C8-23918D8C2173}"
EndProject
Global
	GlobalSection(SolutionConfigurationPlatforms) = preSolution
		Debug|Any CPU = Debug|Any CPU
		Release|Any CPU = Release|Any CPU
	EndGlobalSection
	GlobalSection(ProjectConfigurationPlatforms) = postSolution
		{9FD4CB29-54F5-4F91-A513-09258E9244DD}.Debug|Any CPU.ActiveCfg = Debug|Any CPU
		{9FD4CB29-54F5-4F91-A513-09258E9244DD}.Debug|Any CPU.Build.0 = Debug|Any CPU
		{9FD4CB29-54F5-4F91-A513-09258E9244DD}.Release|Any CPU.ActiveCfg = Release|Any CPU
		{9FD4CB29-54F5-4F91-A513-09258E9244DD}.Release|Any CPU.Build.0 = Release|Any CPU
		{CD7A29F2-4C55-4219-B4C8-23918D8C2173}.Debug|Any CPU.ActiveCfg = Debug|Any CPU
		{CD7A29F2-4C55-4219-B4C8-23918D8C2173}.Debug|Any CPU.Build.0 = Debug|Any CPU
		{CD7A29F2-4C55-4219-B4C8-23918D8C2173}.Release|Any CPU.ActiveCfg = Release|Any CPU
		{CD7A29F2-4C55-4219-B4C8-23918D8C2173}.Release|Any CPU.Build.0 = Release|Any CPU
	EndGlobalSection
	GlobalSection(SolutionProperties) = preSolution
		HideSolutionNode = FALSE
	EndGlobalSection
	GlobalSection(ExtensibilityGlobals) = postSolution
		SolutionGuid = {BB0655CA-A6EB-4F29-B295-3670095BD88A}
	EndGlobalSection
EndGlobal
